// !$*UTF8*$!
{
	archiveVersion = 1;
	classes = {
	};
	objectVersion = 55;
	objects = {

/* Begin PBXBuildFile section */
		6C655DAC28F9F231001F9259 /* AppDelegate.swift in Sources */ = {isa = PBXBuildFile; fileRef = 6C655DAB28F9F231001F9259 /* AppDelegate.swift */; };
		6C655DAE28F9F231001F9259 /* SceneDelegate.swift in Sources */ = {isa = PBXBuildFile; fileRef = 6C655DAD28F9F231001F9259 /* SceneDelegate.swift */; };
		6C655DB328F9F231001F9259 /* Main.storyboard in Resources */ = {isa = PBXBuildFile; fileRef = 6C655DB128F9F231001F9259 /* Main.storyboard */; };
		6C655DB528F9F232001F9259 /* Assets.xcassets in Resources */ = {isa = PBXBuildFile; fileRef = 6C655DB428F9F232001F9259 /* Assets.xcassets */; };
		6C655DB828F9F232001F9259 /* LaunchScreen.storyboard in Resources */ = {isa = PBXBuildFile; fileRef = 6C655DB628F9F232001F9259 /* LaunchScreen.storyboard */; };
		6C655DC328F9F232001F9259 /* ParsetagramTests.swift in Sources */ = {isa = PBXBuildFile; fileRef = 6C655DC228F9F232001F9259 /* ParsetagramTests.swift */; };
		6C655DCD28F9F232001F9259 /* ParsetagramUITests.swift in Sources */ = {isa = PBXBuildFile; fileRef = 6C655DCC28F9F232001F9259 /* ParsetagramUITests.swift */; };
		6C655DCF28F9F232001F9259 /* ParsetagramUITestsLaunchTests.swift in Sources */ = {isa = PBXBuildFile; fileRef = 6C655DCE28F9F232001F9259 /* ParsetagramUITestsLaunchTests.swift */; };
		6C655DDC28FA014F001F9259 /* LoginViewController.swift in Sources */ = {isa = PBXBuildFile; fileRef = 6C655DDB28FA014F001F9259 /* LoginViewController.swift */; };
		6C655DDE28FA0193001F9259 /* FeedViewController.swift in Sources */ = {isa = PBXBuildFile; fileRef = 6C655DDD28FA0193001F9259 /* FeedViewController.swift */; };
		6C655DE028FA0C9E001F9259 /* CameraViewController.swift in Sources */ = {isa = PBXBuildFile; fileRef = 6C655DDF28FA0C9E001F9259 /* CameraViewController.swift */; };
		6C655DE228FA1B07001F9259 /* PostTableViewCell.swift in Sources */ = {isa = PBXBuildFile; fileRef = 6C655DE128FA1B07001F9259 /* PostTableViewCell.swift */; };
		F924D1821ACAB4AA2FE7FD33 /* Pods_Parsetagram.framework in Frameworks */ = {isa = PBXBuildFile; fileRef = 9EB894CCCDD7BB30495120E4 /* Pods_Parsetagram.framework */; };
/* End PBXBuildFile section */

/* Begin PBXContainerItemProxy section */
		6C655DBF28F9F232001F9259 /* PBXContainerItemProxy */ = {
			isa = PBXContainerItemProxy;
			containerPortal = 6C655DA028F9F231001F9259 /* Project object */;
			proxyType = 1;
			remoteGlobalIDString = 6C655DA728F9F231001F9259;
			remoteInfo = Parsetagram;
		};
		6C655DC928F9F232001F9259 /* PBXContainerItemProxy */ = {
			isa = PBXContainerItemProxy;
			containerPortal = 6C655DA028F9F231001F9259 /* Project object */;
			proxyType = 1;
			remoteGlobalIDString = 6C655DA728F9F231001F9259;
			remoteInfo = Parsetagram;
		};
/* End PBXContainerItemProxy section */

/* Begin PBXFileReference section */
		239E9F674FFC071B679FE57F /* Pods-Parsetagram.release.xcconfig */ = {isa = PBXFileReference; includeInIndex = 1; lastKnownFileType = text.xcconfig; name = "Pods-Parsetagram.release.xcconfig"; path = "Target Support Files/Pods-Parsetagram/Pods-Parsetagram.release.xcconfig"; sourceTree = "<group>"; };
		6C655DA828F9F231001F9259 /* Parsetagram.app */ = {isa = PBXFileReference; explicitFileType = wrapper.application; includeInIndex = 0; path = Parsetagram.app; sourceTree = BUILT_PRODUCTS_DIR; };
		6C655DAB28F9F231001F9259 /* AppDelegate.swift */ = {isa = PBXFileReference; lastKnownFileType = sourcecode.swift; path = AppDelegate.swift; sourceTree = "<group>"; };
		6C655DAD28F9F231001F9259 /* SceneDelegate.swift */ = {isa = PBXFileReference; lastKnownFileType = sourcecode.swift; path = SceneDelegate.swift; sourceTree = "<group>"; };
		6C655DB228F9F231001F9259 /* Base */ = {isa = PBXFileReference; lastKnownFileType = file.storyboard; name = Base; path = Base.lproj/Main.storyboard; sourceTree = "<group>"; };
		6C655DB428F9F232001F9259 /* Assets.xcassets */ = {isa = PBXFileReference; lastKnownFileType = folder.assetcatalog; path = Assets.xcassets; sourceTree = "<group>"; };
		6C655DB728F9F232001F9259 /* Base */ = {isa = PBXFileReference; lastKnownFileType = file.storyboard; name = Base; path = Base.lproj/LaunchScreen.storyboard; sourceTree = "<group>"; };
		6C655DB928F9F232001F9259 /* Info.plist */ = {isa = PBXFileReference; lastKnownFileType = text.plist.xml; path = Info.plist; sourceTree = "<group>"; };
		6C655DBE28F9F232001F9259 /* ParsetagramTests.xctest */ = {isa = PBXFileReference; explicitFileType = wrapper.cfbundle; includeInIndex = 0; path = ParsetagramTests.xctest; sourceTree = BUILT_PRODUCTS_DIR; };
		6C655DC228F9F232001F9259 /* ParsetagramTests.swift */ = {isa = PBXFileReference; lastKnownFileType = sourcecode.swift; path = ParsetagramTests.swift; sourceTree = "<group>"; };
		6C655DC828F9F232001F9259 /* ParsetagramUITests.xctest */ = {isa = PBXFileReference; explicitFileType = wrapper.cfbundle; includeInIndex = 0; path = ParsetagramUITests.xctest; sourceTree = BUILT_PRODUCTS_DIR; };
		6C655DCC28F9F232001F9259 /* ParsetagramUITests.swift */ = {isa = PBXFileReference; lastKnownFileType = sourcecode.swift; path = ParsetagramUITests.swift; sourceTree = "<group>"; };
		6C655DCE28F9F232001F9259 /* ParsetagramUITestsLaunchTests.swift */ = {isa = PBXFileReference; lastKnownFileType = sourcecode.swift; path = ParsetagramUITestsLaunchTests.swift; sourceTree = "<group>"; };
		6C655DDB28FA014F001F9259 /* LoginViewController.swift */ = {isa = PBXFileReference; lastKnownFileType = sourcecode.swift; path = LoginViewController.swift; sourceTree = "<group>"; };
		6C655DDD28FA0193001F9259 /* FeedViewController.swift */ = {isa = PBXFileReference; lastKnownFileType = sourcecode.swift; path = FeedViewController.swift; sourceTree = "<group>"; };
		6C655DDF28FA0C9E001F9259 /* CameraViewController.swift */ = {isa = PBXFileReference; lastKnownFileType = sourcecode.swift; path = CameraViewController.swift; sourceTree = "<group>"; };
		6C655DE128FA1B07001F9259 /* PostTableViewCell.swift */ = {isa = PBXFileReference; lastKnownFileType = sourcecode.swift; path = PostTableViewCell.swift; sourceTree = "<group>"; };
		9EB894CCCDD7BB30495120E4 /* Pods_Parsetagram.framework */ = {isa = PBXFileReference; explicitFileType = wrapper.framework; includeInIndex = 0; path = Pods_Parsetagram.framework; sourceTree = BUILT_PRODUCTS_DIR; };
		CF9378F17EC2822F2CD7B621 /* Pods-Parsetagram.debug.xcconfig */ = {isa = PBXFileReference; includeInIndex = 1; lastKnownFileType = text.xcconfig; name = "Pods-Parsetagram.debug.xcconfig"; path = "Target Support Files/Pods-Parsetagram/Pods-Parsetagram.debug.xcconfig"; sourceTree = "<group>"; };
/* End PBXFileReference section */

/* Begin PBXFrameworksBuildPhase section */
		6C655DA528F9F231001F9259 /* Frameworks */ = {
			isa = PBXFrameworksBuildPhase;
			buildActionMask = 2147483647;
			files = (
				F924D1821ACAB4AA2FE7FD33 /* Pods_Parsetagram.framework in Frameworks */,
			);
			runOnlyForDeploymentPostprocessing = 0;
		};
		6C655DBB28F9F232001F9259 /* Frameworks */ = {
			isa = PBXFrameworksBuildPhase;
			buildActionMask = 2147483647;
			files = (
			);
			runOnlyForDeploymentPostprocessing = 0;
		};
		6C655DC528F9F232001F9259 /* Frameworks */ = {
			isa = PBXFrameworksBuildPhase;
			buildActionMask = 2147483647;
			files = (
			);
			runOnlyForDeploymentPostprocessing = 0;
		};
/* End PBXFrameworksBuildPhase section */

/* Begin PBXGroup section */
		6C655D9F28F9F231001F9259 = {
			isa = PBXGroup;
			children = (
				6C655DAA28F9F231001F9259 /* Parsetagram */,
				6C655DC128F9F232001F9259 /* ParsetagramTests */,
				6C655DCB28F9F232001F9259 /* ParsetagramUITests */,
				6C655DA928F9F231001F9259 /* Products */,
				FA987B36751D6276B0CE7C2B /* Pods */,
				BB5B2C13C81D80030D63AFFD /* Frameworks */,
			);
			sourceTree = "<group>";
		};
		6C655DA928F9F231001F9259 /* Products */ = {
			isa = PBXGroup;
			children = (
				6C655DA828F9F231001F9259 /* Parsetagram.app */,
				6C655DBE28F9F232001F9259 /* ParsetagramTests.xctest */,
				6C655DC828F9F232001F9259 /* ParsetagramUITests.xctest */,
			);
			name = Products;
			sourceTree = "<group>";
		};
		6C655DAA28F9F231001F9259 /* Parsetagram */ = {
			isa = PBXGroup;
			children = (
				6C655DAB28F9F231001F9259 /* AppDelegate.swift */,
				6C655DAD28F9F231001F9259 /* SceneDelegate.swift */,
				6C655DB128F9F231001F9259 /* Main.storyboard */,
				6C655DB428F9F232001F9259 /* Assets.xcassets */,
				6C655DB628F9F232001F9259 /* LaunchScreen.storyboard */,
				6C655DB928F9F232001F9259 /* Info.plist */,
				6C655DDB28FA014F001F9259 /* LoginViewController.swift */,
				6C655DDD28FA0193001F9259 /* FeedViewController.swift */,
				6C655DDF28FA0C9E001F9259 /* CameraViewController.swift */,
				6C655DE128FA1B07001F9259 /* PostTableViewCell.swift */,
			);
			path = Parsetagram;
			sourceTree = "<group>";
		};
		6C655DC128F9F232001F9259 /* ParsetagramTests */ = {
			isa = PBXGroup;
			children = (
				6C655DC228F9F232001F9259 /* ParsetagramTests.swift */,
			);
			path = ParsetagramTests;
			sourceTree = "<group>";
		};
		6C655DCB28F9F232001F9259 /* ParsetagramUITests */ = {
			isa = PBXGroup;
			children = (
				6C655DCC28F9F232001F9259 /* ParsetagramUITests.swift */,
				6C655DCE28F9F232001F9259 /* ParsetagramUITestsLaunchTests.swift */,
			);
			path = ParsetagramUITests;
			sourceTree = "<group>";
		};
		BB5B2C13C81D80030D63AFFD /* Frameworks */ = {
			isa = PBXGroup;
			children = (
				9EB894CCCDD7BB30495120E4 /* Pods_Parsetagram.framework */,
			);
			name = Frameworks;
			sourceTree = "<group>";
		};
		FA987B36751D6276B0CE7C2B /* Pods */ = {
			isa = PBXGroup;
			children = (
				CF9378F17EC2822F2CD7B621 /* Pods-Parsetagram.debug.xcconfig */,
				239E9F674FFC071B679FE57F /* Pods-Parsetagram.release.xcconfig */,
			);
			path = Pods;
			sourceTree = "<group>";
		};
/* End PBXGroup section */

/* Begin PBXNativeTarget section */
		6C655DA728F9F231001F9259 /* Parsetagram */ = {
			isa = PBXNativeTarget;
			buildConfigurationList = 6C655DD228F9F232001F9259 /* Build configuration list for PBXNativeTarget "Parsetagram" */;
			buildPhases = (
				12A16C444E3B92597C53C541 /* [CP] Check Pods Manifest.lock */,
				6C655DA428F9F231001F9259 /* Sources */,
				6C655DA528F9F231001F9259 /* Frameworks */,
				6C655DA628F9F231001F9259 /* Resources */,
				0A148678C385FD29E3FDB954 /* [CP] Embed Pods Frameworks */,
			);
			buildRules = (
			);
			dependencies = (
			);
			name = Parsetagram;
			productName = Parsetagram;
			productReference = 6C655DA828F9F231001F9259 /* Parsetagram.app */;
			productType = "com.apple.product-type.application";
		};
		6C655DBD28F9F232001F9259 /* ParsetagramTests */ = {
			isa = PBXNativeTarget;
			buildConfigurationList = 6C655DD528F9F232001F9259 /* Build configuration list for PBXNativeTarget "ParsetagramTests" */;
			buildPhases = (
				6C655DBA28F9F232001F9259 /* Sources */,
				6C655DBB28F9F232001F9259 /* Frameworks */,
				6C655DBC28F9F232001F9259 /* Resources */,
			);
			buildRules = (
			);
			dependencies = (
				6C655DC028F9F232001F9259 /* PBXTargetDependency */,
			);
			name = ParsetagramTests;
			productName = ParsetagramTests;
			productReference = 6C655DBE28F9F232001F9259 /* ParsetagramTests.xctest */;
			productType = "com.apple.product-type.bundle.unit-test";
		};
		6C655DC728F9F232001F9259 /* ParsetagramUITests */ = {
			isa = PBXNativeTarget;
			buildConfigurationList = 6C655DD828F9F232001F9259 /* Build configuration list for PBXNativeTarget "ParsetagramUITests" */;
			buildPhases = (
				6C655DC428F9F232001F9259 /* Sources */,
				6C655DC528F9F232001F9259 /* Frameworks */,
				6C655DC628F9F232001F9259 /* Resources */,
			);
			buildRules = (
			);
			dependencies = (
				6C655DCA28F9F232001F9259 /* PBXTargetDependency */,
			);
			name = ParsetagramUITests;
			productName = ParsetagramUITests;
			productReference = 6C655DC828F9F232001F9259 /* ParsetagramUITests.xctest */;
			productType = "com.apple.product-type.bundle.ui-testing";
		};
/* End PBXNativeTarget section */

/* Begin PBXProject section */
		6C655DA028F9F231001F9259 /* Project object */ = {
			isa = PBXProject;
			attributes = {
				BuildIndependentTargetsInParallel = 1;
				LastSwiftUpdateCheck = 1400;
				LastUpgradeCheck = 1400;
				TargetAttributes = {
					6C655DA728F9F231001F9259 = {
						CreatedOnToolsVersion = 14.0.1;
					};
					6C655DBD28F9F232001F9259 = {
						CreatedOnToolsVersion = 14.0.1;
						TestTargetID = 6C655DA728F9F231001F9259;
					};
					6C655DC728F9F232001F9259 = {
						CreatedOnToolsVersion = 14.0.1;
						TestTargetID = 6C655DA728F9F231001F9259;
					};
				};
			};
			buildConfigurationList = 6C655DA328F9F231001F9259 /* Build configuration list for PBXProject "Parsetagram" */;
			compatibilityVersion = "Xcode 13.0";
			developmentRegion = en;
			hasScannedForEncodings = 0;
			knownRegions = (
				en,
				Base,
			);
			mainGroup = 6C655D9F28F9F231001F9259;
			productRefGroup = 6C655DA928F9F231001F9259 /* Products */;
			projectDirPath = "";
			projectRoot = "";
			targets = (
				6C655DA728F9F231001F9259 /* Parsetagram */,
				6C655DBD28F9F232001F9259 /* ParsetagramTests */,
				6C655DC728F9F232001F9259 /* ParsetagramUITests */,
			);
		};
/* End PBXProject section */

/* Begin PBXResourcesBuildPhase section */
		6C655DA628F9F231001F9259 /* Resources */ = {
			isa = PBXResourcesBuildPhase;
			buildActionMask = 2147483647;
			files = (
				6C655DB828F9F232001F9259 /* LaunchScreen.storyboard in Resources */,
				6C655DB528F9F232001F9259 /* Assets.xcassets in Resources */,
				6C655DB328F9F231001F9259 /* Main.storyboard in Resources */,
			);
			runOnlyForDeploymentPostprocessing = 0;
		};
		6C655DBC28F9F232001F9259 /* Resources */ = {
			isa = PBXResourcesBuildPhase;
			buildActionMask = 2147483647;
			files = (
			);
			runOnlyForDeploymentPostprocessing = 0;
		};
		6C655DC628F9F232001F9259 /* Resources */ = {
			isa = PBXResourcesBuildPhase;
			buildActionMask = 2147483647;
			files = (
			);
			runOnlyForDeploymentPostprocessing = 0;
		};
/* End PBXResourcesBuildPhase section */

/* Begin PBXShellScriptBuildPhase section */
		0A148678C385FD29E3FDB954 /* [CP] Embed Pods Frameworks */ = {
			isa = PBXShellScriptBuildPhase;
			buildActionMask = 2147483647;
			files = (
			);
			inputFileListPaths = (
				"${PODS_ROOT}/Target Support Files/Pods-Parsetagram/Pods-Parsetagram-frameworks-${CONFIGURATION}-input-files.xcfilelist",
			);
			name = "[CP] Embed Pods Frameworks";
			outputFileListPaths = (
				"${PODS_ROOT}/Target Support Files/Pods-Parsetagram/Pods-Parsetagram-frameworks-${CONFIGURATION}-output-files.xcfilelist",
			);
			runOnlyForDeploymentPostprocessing = 0;
			shellPath = /bin/sh;
			shellScript = "\"${PODS_ROOT}/Target Support Files/Pods-Parsetagram/Pods-Parsetagram-frameworks.sh\"\n";
			showEnvVarsInLog = 0;
		};
		12A16C444E3B92597C53C541 /* [CP] Check Pods Manifest.lock */ = {
			isa = PBXShellScriptBuildPhase;
			buildActionMask = 2147483647;
			files = (
			);
			inputFileListPaths = (
			);
			inputPaths = (
				"${PODS_PODFILE_DIR_PATH}/Podfile.lock",
				"${PODS_ROOT}/Manifest.lock",
			);
			name = "[CP] Check Pods Manifest.lock";
			outputFileListPaths = (
			);
			outputPaths = (
				"$(DERIVED_FILE_DIR)/Pods-Parsetagram-checkManifestLockResult.txt",
			);
			runOnlyForDeploymentPostprocessing = 0;
			shellPath = /bin/sh;
			shellScript = "diff \"${PODS_PODFILE_DIR_PATH}/Podfile.lock\" \"${PODS_ROOT}/Manifest.lock\" > /dev/null\nif [ $? != 0 ] ; then\n    # print error to STDERR\n    echo \"error: The sandbox is not in sync with the Podfile.lock. Run 'pod install' or update your CocoaPods installation.\" >&2\n    exit 1\nfi\n# This output is used by Xcode 'outputs' to avoid re-running this script phase.\necho \"SUCCESS\" > \"${SCRIPT_OUTPUT_FILE_0}\"\n";
			showEnvVarsInLog = 0;
		};
/* End PBXShellScriptBuildPhase section */

/* Begin PBXSourcesBuildPhase section */
		6C655DA428F9F231001F9259 /* Sources */ = {
			isa = PBXSourcesBuildPhase;
			buildActionMask = 2147483647;
			files = (
				6C655DDC28FA014F001F9259 /* LoginViewController.swift in Sources */,
				6C655DE028FA0C9E001F9259 /* CameraViewController.swift in Sources */,
				6C655DAC28F9F231001F9259 /* AppDelegate.swift in Sources */,
				6C655DDE28FA0193001F9259 /* FeedViewController.swift in Sources */,
				6C655DAE28F9F231001F9259 /* SceneDelegate.swift in Sources */,
				6C655DE228FA1B07001F9259 /* PostTableViewCell.swift in Sources */,
			);
			runOnlyForDeploymentPostprocessing = 0;
		};
		6C655DBA28F9F232001F9259 /* Sources */ = {
			isa = PBXSourcesBuildPhase;
			buildActionMask = 2147483647;
			files = (
				6C655DC328F9F232001F9259 /* ParsetagramTests.swift in Sources */,
			);
			runOnlyForDeploymentPostprocessing = 0;
		};
		6C655DC428F9F232001F9259 /* Sources */ = {
			isa = PBXSourcesBuildPhase;
			buildActionMask = 2147483647;
			files = (
				6C655DCF28F9F232001F9259 /* ParsetagramUITestsLaunchTests.swift in Sources */,
				6C655DCD28F9F232001F9259 /* ParsetagramUITests.swift in Sources */,
			);
			runOnlyForDeploymentPostprocessing = 0;
		};
/* End PBXSourcesBuildPhase section */

/* Begin PBXTargetDependency section */
		6C655DC028F9F232001F9259 /* PBXTargetDependency */ = {
			isa = PBXTargetDependency;
			target = 6C655DA728F9F231001F9259 /* Parsetagram */;
			targetProxy = 6C655DBF28F9F232001F9259 /* PBXContainerItemProxy */;
		};
		6C655DCA28F9F232001F9259 /* PBXTargetDependency */ = {
			isa = PBXTargetDependency;
			target = 6C655DA728F9F231001F9259 /* Parsetagram */;
			targetProxy = 6C655DC928F9F232001F9259 /* PBXContainerItemProxy */;
		};
/* End PBXTargetDependency section */

/* Begin PBXVariantGroup section */
		6C655DB128F9F231001F9259 /* Main.storyboard */ = {
			isa = PBXVariantGroup;
			children = (
				6C655DB228F9F231001F9259 /* Base */,
			);
			name = Main.storyboard;
			sourceTree = "<group>";
		};
		6C655DB628F9F232001F9259 /* LaunchScreen.storyboard */ = {
			isa = PBXVariantGroup;
			children = (
				6C655DB728F9F232001F9259 /* Base */,
			);
			name = LaunchScreen.storyboard;
			sourceTree = "<group>";
		};
/* End PBXVariantGroup section */

/* Begin XCBuildConfiguration section */
		6C655DD028F9F232001F9259 /* Debug */ = {
			isa = XCBuildConfiguration;
			buildSettings = {
				ALWAYS_SEARCH_USER_PATHS = NO;
				CLANG_ANALYZER_NONNULL = YES;
				CLANG_ANALYZER_NUMBER_OBJECT_CONVERSION = YES_AGGRESSIVE;
				CLANG_CXX_LANGUAGE_STANDARD = "gnu++20";
				CLANG_ENABLE_MODULES = YES;
				CLANG_ENABLE_OBJC_ARC = YES;
				CLANG_ENABLE_OBJC_WEAK = YES;
				CLANG_WARN_BLOCK_CAPTURE_AUTORELEASING = YES;
				CLANG_WARN_BOOL_CONVERSION = YES;
				CLANG_WARN_COMMA = YES;
				CLANG_WARN_CONSTANT_CONVERSION = YES;
				CLANG_WARN_DEPRECATED_OBJC_IMPLEMENTATIONS = YES;
				CLANG_WARN_DIRECT_OBJC_ISA_USAGE = YES_ERROR;
				CLANG_WARN_DOCUMENTATION_COMMENTS = YES;
				CLANG_WARN_EMPTY_BODY = YES;
				CLANG_WARN_ENUM_CONVERSION = YES;
				CLANG_WARN_INFINITE_RECURSION = YES;
				CLANG_WARN_INT_CONVERSION = YES;
				CLANG_WARN_NON_LITERAL_NULL_CONVERSION = YES;
				CLANG_WARN_OBJC_IMPLICIT_RETAIN_SELF = YES;
				CLANG_WARN_OBJC_LITERAL_CONVERSION = YES;
				CLANG_WARN_OBJC_ROOT_CLASS = YES_ERROR;
				CLANG_WARN_QUOTED_INCLUDE_IN_FRAMEWORK_HEADER = YES;
				CLANG_WARN_RANGE_LOOP_ANALYSIS = YES;
				CLANG_WARN_STRICT_PROTOTYPES = YES;
				CLANG_WARN_SUSPICIOUS_MOVE = YES;
				CLANG_WARN_UNGUARDED_AVAILABILITY = YES_AGGRESSIVE;
				CLANG_WARN_UNREACHABLE_CODE = YES;
				CLANG_WARN__DUPLICATE_METHOD_MATCH = YES;
				COPY_PHASE_STRIP = NO;
				DEBUG_INFORMATION_FORMAT = dwarf;
				ENABLE_STRICT_OBJC_MSGSEND = YES;
				ENABLE_TESTABILITY = YES;
				GCC_C_LANGUAGE_STANDARD = gnu11;
				GCC_DYNAMIC_NO_PIC = NO;
				GCC_NO_COMMON_BLOCKS = YES;
				GCC_OPTIMIZATION_LEVEL = 0;
				GCC_PREPROCESSOR_DEFINITIONS = (
					"DEBUG=1",
					"$(inherited)",
				);
				GCC_WARN_64_TO_32_BIT_CONVERSION = YES;
				GCC_WARN_ABOUT_RETURN_TYPE = YES_ERROR;
				GCC_WARN_UNDECLARED_SELECTOR = YES;
				GCC_WARN_UNINITIALIZED_AUTOS = YES_AGGRESSIVE;
				GCC_WARN_UNUSED_FUNCTION = YES;
				GCC_WARN_UNUSED_VARIABLE = YES;
				IPHONEOS_DEPLOYMENT_TARGET = 16.0;
				MTL_ENABLE_DEBUG_INFO = INCLUDE_SOURCE;
				MTL_FAST_MATH = YES;
				ONLY_ACTIVE_ARCH = YES;
				SDKROOT = iphoneos;
				SWIFT_ACTIVE_COMPILATION_CONDITIONS = DEBUG;
				SWIFT_OPTIMIZATION_LEVEL = "-Onone";
			};
			name = Debug;
		};
		6C655DD128F9F232001F9259 /* Release */ = {
			isa = XCBuildConfiguration;
			buildSettings = {
				ALWAYS_SEARCH_USER_PATHS = NO;
				CLANG_ANALYZER_NONNULL = YES;
				CLANG_ANALYZER_NUMBER_OBJECT_CONVERSION = YES_AGGRESSIVE;
				CLANG_CXX_LANGUAGE_STANDARD = "gnu++20";
				CLANG_ENABLE_MODULES = YES;
				CLANG_ENABLE_OBJC_ARC = YES;
				CLANG_ENABLE_OBJC_WEAK = YES;
				CLANG_WARN_BLOCK_CAPTURE_AUTORELEASING = YES;
				CLANG_WARN_BOOL_CONVERSION = YES;
				CLANG_WARN_COMMA = YES;
				CLANG_WARN_CONSTANT_CONVERSION = YES;
				CLANG_WARN_DEPRECATED_OBJC_IMPLEMENTATIONS = YES;
				CLANG_WARN_DIRECT_OBJC_ISA_USAGE = YES_ERROR;
				CLANG_WARN_DOCUMENTATION_COMMENTS = YES;
				CLANG_WARN_EMPTY_BODY = YES;
				CLANG_WARN_ENUM_CONVERSION = YES;
				CLANG_WARN_INFINITE_RECURSION = YES;
				CLANG_WARN_INT_CONVERSION = YES;
				CLANG_WARN_NON_LITERAL_NULL_CONVERSION = YES;
				CLANG_WARN_OBJC_IMPLICIT_RETAIN_SELF = YES;
				CLANG_WARN_OBJC_LITERAL_CONVERSION = YES;
				CLANG_WARN_OBJC_ROOT_CLASS = YES_ERROR;
				CLANG_WARN_QUOTED_INCLUDE_IN_FRAMEWORK_HEADER = YES;
				CLANG_WARN_RANGE_LOOP_ANALYSIS = YES;
				CLANG_WARN_STRICT_PROTOTYPES = YES;
				CLANG_WARN_SUSPICIOUS_MOVE = YES;
				CLANG_WARN_UNGUARDED_AVAILABILITY = YES_AGGRESSIVE;
				CLANG_WARN_UNREACHABLE_CODE = YES;
				CLANG_WARN__DUPLICATE_METHOD_MATCH = YES;
				COPY_PHASE_STRIP = NO;
				DEBUG_INFORMATION_FORMAT = "dwarf-with-dsym";
				ENABLE_NS_ASSERTIONS = NO;
				ENABLE_STRICT_OBJC_MSGSEND = YES;
				GCC_C_LANGUAGE_STANDARD = gnu11;
				GCC_NO_COMMON_BLOCKS = YES;
				GCC_WARN_64_TO_32_BIT_CONVERSION = YES;
				GCC_WARN_ABOUT_RETURN_TYPE = YES_ERROR;
				GCC_WARN_UNDECLARED_SELECTOR = YES;
				GCC_WARN_UNINITIALIZED_AUTOS = YES_AGGRESSIVE;
				GCC_WARN_UNUSED_FUNCTION = YES;
				GCC_WARN_UNUSED_VARIABLE = YES;
				IPHONEOS_DEPLOYMENT_TARGET = 16.0;
				MTL_ENABLE_DEBUG_INFO = NO;
				MTL_FAST_MATH = YES;
				SDKROOT = iphoneos;
				SWIFT_COMPILATION_MODE = wholemodule;
				SWIFT_OPTIMIZATION_LEVEL = "-O";
				VALIDATE_PRODUCT = YES;
			};
			name = Release;
		};
		6C655DD328F9F232001F9259 /* Debug */ = {
			isa = XCBuildConfiguration;
			baseConfigurationReference = CF9378F17EC2822F2CD7B621 /* Pods-Parsetagram.debug.xcconfig */;
			buildSettings = {
				ASSETCATALOG_COMPILER_APPICON_NAME = AppIcon;
				ASSETCATALOG_COMPILER_GLOBAL_ACCENT_COLOR_NAME = AccentColor;
				CODE_SIGN_STYLE = Automatic;
				CURRENT_PROJECT_VERSION = 1;
				GENERATE_INFOPLIST_FILE = YES;
				INFOPLIST_FILE = Parsetagram/Info.plist;
				INFOPLIST_KEY_UIApplicationSupportsIndirectInputEvents = YES;
				INFOPLIST_KEY_UILaunchStoryboardName = LaunchScreen;
				INFOPLIST_KEY_UIMainStoryboardFile = Main;
				INFOPLIST_KEY_UISupportedInterfaceOrientations_iPad = "UIInterfaceOrientationPortrait UIInterfaceOrientationPortraitUpsideDown UIInterfaceOrientationLandscapeLeft UIInterfaceOrientationLandscapeRight";
				INFOPLIST_KEY_UISupportedInterfaceOrientations_iPhone = "UIInterfaceOrientationPortrait UIInterfaceOrientationLandscapeLeft UIInterfaceOrientationLandscapeRight";
				LD_RUNPATH_SEARCH_PATHS = (
					"$(inherited)",
					"@executable_path/Frameworks",
				);
				MARKETING_VERSION = 1.0;
				PRODUCT_BUNDLE_IDENTIFIER = com.AshleyAcevedo.Parsetagram;
				PRODUCT_NAME = "$(TARGET_NAME)";
				SWIFT_EMIT_LOC_STRINGS = YES;
				SWIFT_VERSION = 5.0;
				TARGETED_DEVICE_FAMILY = "1,2";
			};
			name = Debug;
		};
		6C655DD428F9F232001F9259 /* Release */ = {
			isa = XCBuildConfiguration;
			baseConfigurationReference = 239E9F674FFC071B679FE57F /* Pods-Parsetagram.release.xcconfig */;
			buildSettings = {
				ASSETCATALOG_COMPILER_APPICON_NAME = AppIcon;
				ASSETCATALOG_COMPILER_GLOBAL_ACCENT_COLOR_NAME = AccentColor;
				CODE_SIGN_STYLE = Automatic;
				CURRENT_PROJECT_VERSION = 1;
				GENERATE_INFOPLIST_FILE = YES;
				INFOPLIST_FILE = Parsetagram/Info.plist;
				INFOPLIST_KEY_UIApplicationSupportsIndirectInputEvents = YES;
				INFOPLIST_KEY_UILaunchStoryboardName = LaunchScreen;
				INFOPLIST_KEY_UIMainStoryboardFile = Main;
				INFOPLIST_KEY_UISupportedInterfaceOrientations_iPad = "UIInterfaceOrientationPortrait UIInterfaceOrientationPortraitUpsideDown UIInterfaceOrientationLandscapeLeft UIInterfaceOrientationLandscapeRight";
				INFOPLIST_KEY_UISupportedInterfaceOrientations_iPhone = "UIInterfaceOrientationPortrait UIInterfaceOrientationLandscapeLeft UIInterfaceOrientationLandscapeRight";
				LD_RUNPATH_SEARCH_PATHS = (
					"$(inherited)",
					"@executable_path/Frameworks",
				);
				MARKETING_VERSION = 1.0;
				PRODUCT_BUNDLE_IDENTIFIER = com.AshleyAcevedo.Parsetagram;
				PRODUCT_NAME = "$(TARGET_NAME)";
				SWIFT_EMIT_LOC_STRINGS = YES;
				SWIFT_VERSION = 5.0;
				TARGETED_DEVICE_FAMILY = "1,2";
			};
			name = Release;
		};
		6C655DD628F9F232001F9259 /* Debug */ = {
			isa = XCBuildConfiguration;
			buildSettings = {
				ALWAYS_EMBED_SWIFT_STANDARD_LIBRARIES = YES;
				BUNDLE_LOADER = "$(TEST_HOST)";
				CODE_SIGN_STYLE = Automatic;
				CURRENT_PROJECT_VERSION = 1;
				GENERATE_INFOPLIST_FILE = YES;
				IPHONEOS_DEPLOYMENT_TARGET = 16.0;
				MARKETING_VERSION = 1.0;
				PRODUCT_BUNDLE_IDENTIFIER = com.AshleyAcevedo.ParsetagramTests;
				PRODUCT_NAME = "$(TARGET_NAME)";
				SWIFT_EMIT_LOC_STRINGS = NO;
				SWIFT_VERSION = 5.0;
				TARGETED_DEVICE_FAMILY = "1,2";
				TEST_HOST = "$(BUILT_PRODUCTS_DIR)/Parsetagram.app/$(BUNDLE_EXECUTABLE_FOLDER_PATH)/Parsetagram";
			};
			name = Debug;
		};
		6C655DD728F9F232001F9259 /* Release */ = {
			isa = XCBuildConfiguration;
			buildSettings = {
				ALWAYS_EMBED_SWIFT_STANDARD_LIBRARIES = YES;
				BUNDLE_LOADER = "$(TEST_HOST)";
				CODE_SIGN_STYLE = Automatic;
				CURRENT_PROJECT_VERSION = 1;
				GENERATE_INFOPLIST_FILE = YES;
				IPHONEOS_DEPLOYMENT_TARGET = 16.0;
				MARKETING_VERSION = 1.0;
				PRODUCT_BUNDLE_IDENTIFIER = com.AshleyAcevedo.ParsetagramTests;
				PRODUCT_NAME = "$(TARGET_NAME)";
				SWIFT_EMIT_LOC_STRINGS = NO;
				SWIFT_VERSION = 5.0;
				TARGETED_DEVICE_FAMILY = "1,2";
				TEST_HOST = "$(BUILT_PRODUCTS_DIR)/Parsetagram.app/$(BUNDLE_EXECUTABLE_FOLDER_PATH)/Parsetagram";
			};
			name = Release;
		};
		6C655DD928F9F232001F9259 /* Debug */ = {
			isa = XCBuildConfiguration;
			buildSettings = {
				ALWAYS_EMBED_SWIFT_STANDARD_LIBRARIES = YES;
				CODE_SIGN_STYLE = Automatic;
				CURRENT_PROJECT_VERSION = 1;
				GENERATE_INFOPLIST_FILE = YES;
				MARKETING_VERSION = 1.0;
				PRODUCT_BUNDLE_IDENTIFIER = com.AshleyAcevedo.ParsetagramUITests;
				PRODUCT_NAME = "$(TARGET_NAME)";
				SWIFT_EMIT_LOC_STRINGS = NO;
				SWIFT_VERSION = 5.0;
				TARGETED_DEVICE_FAMILY = "1,2";
				TEST_TARGET_NAME = Parsetagram;
			};
			name = Debug;
		};
		6C655DDA28F9F232001F9259 /* Release */ = {
			isa = XCBuildConfiguration;
			buildSettings = {
				ALWAYS_EMBED_SWIFT_STANDARD_LIBRARIES = YES;
				CODE_SIGN_STYLE = Automatic;
				CURRENT_PROJECT_VERSION = 1;
				GENERATE_INFOPLIST_FILE = YES;
				MARKETING_VERSION = 1.0;
				PRODUCT_BUNDLE_IDENTIFIER = com.AshleyAcevedo.ParsetagramUITests;
				PRODUCT_NAME = "$(TARGET_NAME)";
				SWIFT_EMIT_LOC_STRINGS = NO;
				SWIFT_VERSION = 5.0;
				TARGETED_DEVICE_FAMILY = "1,2";
				TEST_TARGET_NAME = Parsetagram;
			};
			name = Release;
		};
/* End XCBuildConfiguration section */

/* Begin XCConfigurationList section */
		6C655DA328F9F231001F9259 /* Build configuration list for PBXProject "Parsetagram" */ = {
			isa = XCConfigurationList;
			buildConfigurations = (
				6C655DD028F9F232001F9259 /* Debug */,
				6C655DD128F9F232001F9259 /* Release */,
			);
			defaultConfigurationIsVisible = 0;
			defaultConfigurationName = Release;
		};
		6C655DD228F9F232001F9259 /* Build configuration list for PBXNativeTarget "Parsetagram" */ = {
			isa = XCConfigurationList;
			buildConfigurations = (
				6C655DD328F9F232001F9259 /* Debug */,
				6C655DD428F9F232001F9259 /* Release */,
			);
			defaultConfigurationIsVisible = 0;
			defaultConfigurationName = Release;
		};
		6C655DD528F9F232001F9259 /* Build configuration list for PBXNativeTarget "ParsetagramTests" */ = {
			isa = XCConfigurationList;
			buildConfigurations = (
				6C655DD628F9F232001F9259 /* Debug */,
				6C655DD728F9F232001F9259 /* Release */,
			);
			defaultConfigurationIsVisible = 0;
			defaultConfigurationName = Release;
		};
		6C655DD828F9F232001F9259 /* Build configuration list for PBXNativeTarget "ParsetagramUITests" */ = {
			isa = XCConfigurationList;
			buildConfigurations = (
				6C655DD928F9F232001F9259 /* Debug */,
				6C655DDA28F9F232001F9259 /* Release */,
			);
			defaultConfigurationIsVisible = 0;
			defaultConfigurationName = Release;
		};
/* End XCConfigurationList section */
	};
	rootObject = 6C655DA028F9F231001F9259 /* Project object */;
}
